
Microsoft Visual Studio Solution File, Format Version 12.00
# Visual Studio Version 16
VisualStudioVersion = 16.0.31005.135
MinimumVisualStudioVersion = 10.0.40219.1
Project("{FAE04EC0-301F-11D3-BF4B-00C04F79EFBC}") = "ShopBridge", "ShopBridge\ShopBridge.csproj", "{16651A75-C7F1-4595-A0B8-7A54DA433751}"
EndProject
Project("{FAE04EC0-301F-11D3-BF4B-00C04F79EFBC}") = "ProductSVC", "ProductSVC\ProductSVC.csproj", "{32F5E550-0D99-42C0-81FF-0C76DF9A9B58}"
EndProject
Global
	GlobalSection(SolutionConfigurationPlatforms) = preSolution
		Debug|Any CPU = Debug|Any CPU
		Release|Any CPU = Release|Any CPU
	EndGlobalSection
	GlobalSection(ProjectConfigurationPlatforms) = postSolution
		{16651A75-C7F1-4595-A0B8-7A54DA433751}.Debug|Any CPU.ActiveCfg = Debug|Any CPU
		{16651A75-C7F1-4595-A0B8-7A54DA433751}.Debug|Any CPU.Build.0 = Debug|Any CPU
		{16651A75-C7F1-4595-A0B8-7A54DA433751}.Release|Any CPU.ActiveCfg = Release|Any CPU
		{16651A75-C7F1-4595-A0B8-7A54DA433751}.Release|Any CPU.Build.0 = Release|Any CPU
		{32F5E550-0D99-42C0-81FF-0C76DF9A9B58}.Debug|Any CPU.ActiveCfg = Debug|Any CPU
		{32F5E550-0D99-42C0-81FF-0C76DF9A9B58}.Debug|Any CPU.Build.0 = Debug|Any CPU
		{32F5E550-0D99-42C0-81FF-0C76DF9A9B58}.Release|Any CPU.ActiveCfg = Release|Any CPU
		{32F5E550-0D99-42C0-81FF-0C76DF9A9B58}.Release|Any CPU.Build.0 = Release|Any CPU
	EndGlobalSection
	GlobalSection(SolutionProperties) = preSolution
		HideSolutionNode = FALSE
	EndGlobalSection
	GlobalSection(ExtensibilityGlobals) = postSolution
		SolutionGuid = {B4886790-3CB6-4AA5-99A2-0304A9DC1A00}
	EndGlobalSection
EndGlobal
